
Microsoft Visual Studio Solution File, Format Version 12.00
Project("{FAE04EC0-301F-11D3-BF4B-00C04F79EFBC}") = "CommunityLibrary", "CommunityLibrary\CommunityLibrary.csproj", "{B86BA8EE-9ADF-4B36-A8E6-30F0D59700E4}"
EndProject
Project("{FAE04EC0-301F-11D3-BF4B-00C04F79EFBC}") = "CommunityLibrary.Tests", "CommunityLibrary.Tests\CommunityLibrary.Tests.csproj", "{058C07EB-AE87-4FEE-91A0-94CC437843D8}"
EndProject
Global
	GlobalSection(SolutionConfigurationPlatforms) = preSolution
		Debug|Any CPU = Debug|Any CPU
		Release|Any CPU = Release|Any CPU
	EndGlobalSection
	GlobalSection(ProjectConfigurationPlatforms) = postSolution
		{B86BA8EE-9ADF-4B36-A8E6-30F0D59700E4}.Debug|Any CPU.ActiveCfg = Debug|Any CPU
		{B86BA8EE-9ADF-4B36-A8E6-30F0D59700E4}.Debug|Any CPU.Build.0 = Debug|Any CPU
		{B86BA8EE-9ADF-4B36-A8E6-30F0D59700E4}.Release|Any CPU.ActiveCfg = Release|Any CPU
		{B86BA8EE-9ADF-4B36-A8E6-30F0D59700E4}.Release|Any CPU.Build.0 = Release|Any CPU
		{058C07EB-AE87-4FEE-91A0-94CC437843D8}.Debug|Any CPU.ActiveCfg = Debug|Any CPU
		{058C07EB-AE87-4FEE-91A0-94CC437843D8}.Debug|Any CPU.Build.0 = Debug|Any CPU
		{058C07EB-AE87-4FEE-91A0-94CC437843D8}.Release|Any CPU.ActiveCfg = Release|Any CPU
		{058C07EB-AE87-4FEE-91A0-94CC437843D8}.Release|Any CPU.Build.0 = Release|Any CPU
	EndGlobalSection
EndGlobal
